
Microsoft Visual Studio Solution File, Format Version 12.00
# Visual Studio Version 17
VisualStudioVersion = 17.0.32014.148
MinimumVisualStudioVersion = 10.0.40219.1
Project("{9A19103F-16F7-4668-BE54-9A1E7A4F7556}") = "CoreBankingSystem", "CoreBankingSystem\CoreBankingSystem.csproj", "{2D82F9A8-C4FF-4ABD-805F-269FB36A7300}"
EndProject
Project("{9A19103F-16F7-4668-BE54-9A1E7A4F7556}") = "MoneyLaunderingService", "MoneyLaunderingService\MoneyLaunderingService.csproj", "{F7C800BD-9D06-4599-BF69-1A9ED89A2390}"
EndProject
Project("{9A19103F-16F7-4668-BE54-9A1E7A4F7556}") = "TransactionAnalysisService", "TransactionAnalysisService\TransactionAnalysisService.csproj", "{946FFD47-58F3-4893-B9FC-05F8A9E525B4}"
EndProject
Project("{E53339B2-1760-4266-BCC7-CA923CBCF16C}") = "docker-compose", "docker-compose.dcproj", "{7E403DD6-741F-4F18-815E-A6623FF01C34}"
EndProject
Project("{9A19103F-16F7-4668-BE54-9A1E7A4F7556}") = "Shared", "Shared\Shared.csproj", "{2EE0B07E-E817-419D-A1F9-A2772586DF44}"
EndProject
Global
	GlobalSection(SolutionConfigurationPlatforms) = preSolution
		Debug|Any CPU = Debug|Any CPU
		Release|Any CPU = Release|Any CPU
	EndGlobalSection
	GlobalSection(ProjectConfigurationPlatforms) = postSolution
		{2D82F9A8-C4FF-4ABD-805F-269FB36A7300}.Debug|Any CPU.ActiveCfg = Debug|Any CPU
		{2D82F9A8-C4FF-4ABD-805F-269FB36A7300}.Debug|Any CPU.Build.0 = Debug|Any CPU
		{2D82F9A8-C4FF-4ABD-805F-269FB36A7300}.Release|Any CPU.ActiveCfg = Release|Any CPU
		{2D82F9A8-C4FF-4ABD-805F-269FB36A7300}.Release|Any CPU.Build.0 = Release|Any CPU
		{F7C800BD-9D06-4599-BF69-1A9ED89A2390}.Debug|Any CPU.ActiveCfg = Debug|Any CPU
		{F7C800BD-9D06-4599-BF69-1A9ED89A2390}.Debug|Any CPU.Build.0 = Debug|Any CPU
		{F7C800BD-9D06-4599-BF69-1A9ED89A2390}.Release|Any CPU.ActiveCfg = Release|Any CPU
		{F7C800BD-9D06-4599-BF69-1A9ED89A2390}.Release|Any CPU.Build.0 = Release|Any CPU
		{946FFD47-58F3-4893-B9FC-05F8A9E525B4}.Debug|Any CPU.ActiveCfg = Debug|Any CPU
		{946FFD47-58F3-4893-B9FC-05F8A9E525B4}.Debug|Any CPU.Build.0 = Debug|Any CPU
		{946FFD47-58F3-4893-B9FC-05F8A9E525B4}.Release|Any CPU.ActiveCfg = Release|Any CPU
		{946FFD47-58F3-4893-B9FC-05F8A9E525B4}.Release|Any CPU.Build.0 = Release|Any CPU
		{7E403DD6-741F-4F18-815E-A6623FF01C34}.Debug|Any CPU.ActiveCfg = Debug|Any CPU
		{7E403DD6-741F-4F18-815E-A6623FF01C34}.Debug|Any CPU.Build.0 = Debug|Any CPU
		{7E403DD6-741F-4F18-815E-A6623FF01C34}.Release|Any CPU.ActiveCfg = Release|Any CPU
		{7E403DD6-741F-4F18-815E-A6623FF01C34}.Release|Any CPU.Build.0 = Release|Any CPU
		{2EE0B07E-E817-419D-A1F9-A2772586DF44}.Debug|Any CPU.ActiveCfg = Debug|Any CPU
		{2EE0B07E-E817-419D-A1F9-A2772586DF44}.Debug|Any CPU.Build.0 = Debug|Any CPU
		{2EE0B07E-E817-419D-A1F9-A2772586DF44}.Release|Any CPU.ActiveCfg = Release|Any CPU
		{2EE0B07E-E817-419D-A1F9-A2772586DF44}.Release|Any CPU.Build.0 = Release|Any CPU
	EndGlobalSection
	GlobalSection(SolutionProperties) = preSolution
		HideSolutionNode = FALSE
	EndGlobalSection
	GlobalSection(ExtensibilityGlobals) = postSolution
		SolutionGuid = {78C1C383-91F2-49F1-9C97-A5A486AA2471}
	EndGlobalSection
EndGlobal
